
Microsoft Visual Studio Solution File, Format Version 12.00
# Visual Studio 2013
VisualStudioVersion = 12.0.30501.0
MinimumVisualStudioVersion = 10.0.40219.1
Project("{FAE04EC0-301F-11D3-BF4B-00C04F79EFBC}") = "glow", "glow\glow.csproj", "{BFF1DBDC-E8CB-4F2E-8AD7-7054358DB31D}"
EndProject
Global
	GlobalSection(SolutionConfigurationPlatforms) = preSolution
		Debug|Any CPU = Debug|Any CPU
		Release|Any CPU = Release|Any CPU
	EndGlobalSection
	GlobalSection(ProjectConfigurationPlatforms) = postSolution
		{BFF1DBDC-E8CB-4F2E-8AD7-7054358DB31D}.Debug|Any CPU.ActiveCfg = Debug|Any CPU
		{BFF1DBDC-E8CB-4F2E-8AD7-7054358DB31D}.Debug|Any CPU.Build.0 = Debug|Any CPU
		{BFF1DBDC-E8CB-4F2E-8AD7-7054358DB31D}.Release|Any CPU.ActiveCfg = Release|Any CPU
		{BFF1DBDC-E8CB-4F2E-8AD7-7054358DB31D}.Release|Any CPU.Build.0 = Release|Any CPU
	EndGlobalSection
	GlobalSection(SolutionProperties) = preSolution
		HideSolutionNode = FALSE
	EndGlobalSection
EndGlobal
